
Microsoft Visual Studio Solution File, Format Version 12.00
# Visual Studio Version 17
VisualStudioVersion = 17.4.33213.308
MinimumVisualStudioVersion = 10.0.40219.1
Project("{FAE04EC0-301F-11D3-BF4B-00C04F79EFBC}") = "VigenereCipher", "VigenereCipher\VigenereCipher.csproj", "{CD6C4AE8-8A95-4446-A5E4-C3ED1E2D261C}"
EndProject
Global
	GlobalSection(SolutionConfigurationPlatforms) = preSolution
		Debug|Any CPU = Debug|Any CPU
		Release|Any CPU = Release|Any CPU
	EndGlobalSection
	GlobalSection(ProjectConfigurationPlatforms) = postSolution
		{CD6C4AE8-8A95-4446-A5E4-C3ED1E2D261C}.Debug|Any CPU.ActiveCfg = Debug|Any CPU
		{CD6C4AE8-8A95-4446-A5E4-C3ED1E2D261C}.Debug|Any CPU.Build.0 = Debug|Any CPU
		{CD6C4AE8-8A95-4446-A5E4-C3ED1E2D261C}.Release|Any CPU.ActiveCfg = Release|Any CPU
		{CD6C4AE8-8A95-4446-A5E4-C3ED1E2D261C}.Release|Any CPU.Build.0 = Release|Any CPU
	EndGlobalSection
	GlobalSection(SolutionProperties) = preSolution
		HideSolutionNode = FALSE
	EndGlobalSection
	GlobalSection(ExtensibilityGlobals) = postSolution
		SolutionGuid = {8F264C2D-A85F-4EFD-A58F-2B119E7D1760}
	EndGlobalSection
EndGlobal
